
Microsoft Visual Studio Solution File, Format Version 12.00
# Visual Studio Version 17
VisualStudioVersion = 17.10.35027.167
MinimumVisualStudioVersion = 10.0.40219.1
Project("{9A19103F-16F7-4668-BE54-9A1E7A4F7556}") = "SM.Shared", "SM.Shared\SM.Shared.csproj", "{1E797CBD-E5A1-4167-8C16-3FCC946528AD}"
EndProject
Project("{9A19103F-16F7-4668-BE54-9A1E7A4F7556}") = "SM.CustomerProducer.API", "SM.CustomerProducer.API\SM.CustomerProducer.API.csproj", "{7E93B67E-61B1-4920-834F-DCCD65CF59B0}"
	ProjectSection(ProjectDependencies) = postProject
		{0DA769A3-376C-4381-B662-51BE2950C5E9} = {0DA769A3-376C-4381-B662-51BE2950C5E9}
		{973F548C-4FC0-4813-BCF3-16DF4DFA52FF} = {973F548C-4FC0-4813-BCF3-16DF4DFA52FF}
	EndProjectSection
EndProject
Project("{9A19103F-16F7-4668-BE54-9A1E7A4F7556}") = "SM.CustomerConsumer.Worker", "SM.CustomerConsumer.Worker\SM.CustomerConsumer.Worker.csproj", "{6C64021C-83C2-4F3F-AE1B-0EA8ED77EB7A}"
	ProjectSection(ProjectDependencies) = postProject
		{CE4E533F-C8AB-4D36-95E9-8D8CDD52A789} = {CE4E533F-C8AB-4D36-95E9-8D8CDD52A789}
		{62074A2F-156E-4B49-A1E5-4E16E898AC3D} = {62074A2F-156E-4B49-A1E5-4E16E898AC3D}
		{2D1A0207-9680-40D6-B6BE-96893617F1D3} = {2D1A0207-9680-40D6-B6BE-96893617F1D3}
		{61B1A857-8BC6-4088-845F-F64EFAE888C4} = {61B1A857-8BC6-4088-845F-F64EFAE888C4}
	EndProjectSection
EndProject
Project("{2150E333-8FDC-42A3-9474-1A3956D46DE8}") = "SM.CustomerConsumer", "SM.CustomerConsumer", "{242BE7BD-96CD-4281-B1BC-2774472F3577}"
EndProject
Project("{2150E333-8FDC-42A3-9474-1A3956D46DE8}") = "SM.CustomerProducer", "SM.CustomerProducer", "{DE6BB465-2202-4036-8823-D94338755A30}"
EndProject
Project("{2150E333-8FDC-42A3-9474-1A3956D46DE8}") = "SM.Shared", "SM.Shared", "{98F254C6-83A2-44D9-AC33-49F098A41874}"
EndProject
Project("{9A19103F-16F7-4668-BE54-9A1E7A4F7556}") = "SM.CustomerProducer.Domain", "SM.CustomerProducer.Domain\SM.CustomerProducer.Domain.csproj", "{F95C40F5-A9B4-4ECA-A492-9FA3B148B65E}"
EndProject
Project("{9A19103F-16F7-4668-BE54-9A1E7A4F7556}") = "SM.CustomerProducer.Infra.IoC", "SM.CustomerProducer.Infra.IoC\SM.CustomerProducer.Infra.IoC.csproj", "{973F548C-4FC0-4813-BCF3-16DF4DFA52FF}"
	ProjectSection(ProjectDependencies) = postProject
		{0DA769A3-376C-4381-B662-51BE2950C5E9} = {0DA769A3-376C-4381-B662-51BE2950C5E9}
		{7BC0FE4E-3DD6-4C8B-8EBE-A7EBC681493C} = {7BC0FE4E-3DD6-4C8B-8EBE-A7EBC681493C}
		{F95C40F5-A9B4-4ECA-A492-9FA3B148B65E} = {F95C40F5-A9B4-4ECA-A492-9FA3B148B65E}
	EndProjectSection
EndProject
Project("{9A19103F-16F7-4668-BE54-9A1E7A4F7556}") = "SM.CustomerProducer.Infra.Data", "SM.CustomerProducer.Infra.Data\SM.CustomerProducer.Infra.Data.csproj", "{7BC0FE4E-3DD6-4C8B-8EBE-A7EBC681493C}"
	ProjectSection(ProjectDependencies) = postProject
		{F95C40F5-A9B4-4ECA-A492-9FA3B148B65E} = {F95C40F5-A9B4-4ECA-A492-9FA3B148B65E}
	EndProjectSection
EndProject
Project("{9A19103F-16F7-4668-BE54-9A1E7A4F7556}") = "SM.CustomerProducer.Application", "SM.CustomerProducer.Application\SM.CustomerProducer.Application.csproj", "{0DA769A3-376C-4381-B662-51BE2950C5E9}"
	ProjectSection(ProjectDependencies) = postProject
		{7BC0FE4E-3DD6-4C8B-8EBE-A7EBC681493C} = {7BC0FE4E-3DD6-4C8B-8EBE-A7EBC681493C}
	EndProjectSection
EndProject
Project("{FAE04EC0-301F-11D3-BF4B-00C04F79EFBC}") = "SM.DbMigrator", "SM.DbMigrator\SM.DbMigrator.csproj", "{04929BE1-DF69-4E8C-8E09-170A353AC623}"
EndProject
Project("{2150E333-8FDC-42A3-9474-1A3956D46DE8}") = "SM.DbMigrator", "SM.DbMigrator", "{9A0E7752-E166-4B2F-8DCC-04D07750239A}"
EndProject
Project("{FAE04EC0-301F-11D3-BF4B-00C04F79EFBC}") = "SM.CustomerConsumer.Application", "SM.CustomerConsumer.Application\SM.CustomerConsumer.Application.csproj", "{2D1A0207-9680-40D6-B6BE-96893617F1D3}"
EndProject
Project("{FAE04EC0-301F-11D3-BF4B-00C04F79EFBC}") = "SM.CustomerConsumer.Infra.Data", "SM.CustomerConsumer.Infra.Data\SM.CustomerConsumer.Infra.Data.csproj", "{62074A2F-156E-4B49-A1E5-4E16E898AC3D}"
EndProject
Project("{FAE04EC0-301F-11D3-BF4B-00C04F79EFBC}") = "SM.CustomerConsumer.Infra.IoC", "SM.CustomerConsumer.Infra.IoC\SM.CustomerConsumer.Infra.IoC.csproj", "{CE4E533F-C8AB-4D36-95E9-8D8CDD52A789}"
	ProjectSection(ProjectDependencies) = postProject
		{62074A2F-156E-4B49-A1E5-4E16E898AC3D} = {62074A2F-156E-4B49-A1E5-4E16E898AC3D}
		{61B1A857-8BC6-4088-845F-F64EFAE888C4} = {61B1A857-8BC6-4088-845F-F64EFAE888C4}
		{2D1A0207-9680-40D6-B6BE-96893617F1D3} = {2D1A0207-9680-40D6-B6BE-96893617F1D3}
	EndProjectSection
EndProject
Project("{FAE04EC0-301F-11D3-BF4B-00C04F79EFBC}") = "SM.CustomerConsumer.Domain", "SM.CustomerConsumer.Domain\SM.CustomerConsumer.Domain.csproj", "{E8BD9487-BDC0-4A97-B89E-ADA5D946979E}"
EndProject
Global
	GlobalSection(SolutionConfigurationPlatforms) = preSolution
		Debug|Any CPU = Debug|Any CPU
		Release|Any CPU = Release|Any CPU
	EndGlobalSection
	GlobalSection(ProjectConfigurationPlatforms) = postSolution
		{1E797CBD-E5A1-4167-8C16-3FCC946528AD}.Debug|Any CPU.ActiveCfg = Debug|Any CPU
		{1E797CBD-E5A1-4167-8C16-3FCC946528AD}.Debug|Any CPU.Build.0 = Debug|Any CPU
		{1E797CBD-E5A1-4167-8C16-3FCC946528AD}.Release|Any CPU.ActiveCfg = Release|Any CPU
		{1E797CBD-E5A1-4167-8C16-3FCC946528AD}.Release|Any CPU.Build.0 = Release|Any CPU
		{7E93B67E-61B1-4920-834F-DCCD65CF59B0}.Debug|Any CPU.ActiveCfg = Debug|Any CPU
		{7E93B67E-61B1-4920-834F-DCCD65CF59B0}.Debug|Any CPU.Build.0 = Debug|Any CPU
		{7E93B67E-61B1-4920-834F-DCCD65CF59B0}.Release|Any CPU.ActiveCfg = Release|Any CPU
		{7E93B67E-61B1-4920-834F-DCCD65CF59B0}.Release|Any CPU.Build.0 = Release|Any CPU
		{6C64021C-83C2-4F3F-AE1B-0EA8ED77EB7A}.Debug|Any CPU.ActiveCfg = Debug|Any CPU
		{6C64021C-83C2-4F3F-AE1B-0EA8ED77EB7A}.Debug|Any CPU.Build.0 = Debug|Any CPU
		{6C64021C-83C2-4F3F-AE1B-0EA8ED77EB7A}.Release|Any CPU.ActiveCfg = Release|Any CPU
		{6C64021C-83C2-4F3F-AE1B-0EA8ED77EB7A}.Release|Any CPU.Build.0 = Release|Any CPU
		{F95C40F5-A9B4-4ECA-A492-9FA3B148B65E}.Debug|Any CPU.ActiveCfg = Debug|Any CPU
		{F95C40F5-A9B4-4ECA-A492-9FA3B148B65E}.Debug|Any CPU.Build.0 = Debug|Any CPU
		{F95C40F5-A9B4-4ECA-A492-9FA3B148B65E}.Release|Any CPU.ActiveCfg = Release|Any CPU
		{F95C40F5-A9B4-4ECA-A492-9FA3B148B65E}.Release|Any CPU.Build.0 = Release|Any CPU
		{973F548C-4FC0-4813-BCF3-16DF4DFA52FF}.Debug|Any CPU.ActiveCfg = Debug|Any CPU
		{973F548C-4FC0-4813-BCF3-16DF4DFA52FF}.Debug|Any CPU.Build.0 = Debug|Any CPU
		{973F548C-4FC0-4813-BCF3-16DF4DFA52FF}.Release|Any CPU.ActiveCfg = Release|Any CPU
		{973F548C-4FC0-4813-BCF3-16DF4DFA52FF}.Release|Any CPU.Build.0 = Release|Any CPU
		{7BC0FE4E-3DD6-4C8B-8EBE-A7EBC681493C}.Debug|Any CPU.ActiveCfg = Debug|Any CPU
		{7BC0FE4E-3DD6-4C8B-8EBE-A7EBC681493C}.Debug|Any CPU.Build.0 = Debug|Any CPU
		{7BC0FE4E-3DD6-4C8B-8EBE-A7EBC681493C}.Release|Any CPU.ActiveCfg = Release|Any CPU
		{7BC0FE4E-3DD6-4C8B-8EBE-A7EBC681493C}.Release|Any CPU.Build.0 = Release|Any CPU
		{0DA769A3-376C-4381-B662-51BE2950C5E9}.Debug|Any CPU.ActiveCfg = Debug|Any CPU
		{0DA769A3-376C-4381-B662-51BE2950C5E9}.Debug|Any CPU.Build.0 = Debug|Any CPU
		{0DA769A3-376C-4381-B662-51BE2950C5E9}.Release|Any CPU.ActiveCfg = Release|Any CPU
		{0DA769A3-376C-4381-B662-51BE2950C5E9}.Release|Any CPU.Build.0 = Release|Any CPU
		{04929BE1-DF69-4E8C-8E09-170A353AC623}.Debug|Any CPU.ActiveCfg = Debug|Any CPU
		{04929BE1-DF69-4E8C-8E09-170A353AC623}.Debug|Any CPU.Build.0 = Debug|Any CPU
		{04929BE1-DF69-4E8C-8E09-170A353AC623}.Release|Any CPU.ActiveCfg = Release|Any CPU
		{04929BE1-DF69-4E8C-8E09-170A353AC623}.Release|Any CPU.Build.0 = Release|Any CPU
		{2D1A0207-9680-40D6-B6BE-96893617F1D3}.Debug|Any CPU.ActiveCfg = Debug|Any CPU
		{2D1A0207-9680-40D6-B6BE-96893617F1D3}.Debug|Any CPU.Build.0 = Debug|Any CPU
		{2D1A0207-9680-40D6-B6BE-96893617F1D3}.Release|Any CPU.ActiveCfg = Release|Any CPU
		{2D1A0207-9680-40D6-B6BE-96893617F1D3}.Release|Any CPU.Build.0 = Release|Any CPU
		{62074A2F-156E-4B49-A1E5-4E16E898AC3D}.Debug|Any CPU.ActiveCfg = Debug|Any CPU
		{62074A2F-156E-4B49-A1E5-4E16E898AC3D}.Debug|Any CPU.Build.0 = Debug|Any CPU
		{62074A2F-156E-4B49-A1E5-4E16E898AC3D}.Release|Any CPU.ActiveCfg = Release|Any CPU
		{62074A2F-156E-4B49-A1E5-4E16E898AC3D}.Release|Any CPU.Build.0 = Release|Any CPU
		{CE4E533F-C8AB-4D36-95E9-8D8CDD52A789}.Debug|Any CPU.ActiveCfg = Debug|Any CPU
		{CE4E533F-C8AB-4D36-95E9-8D8CDD52A789}.Debug|Any CPU.Build.0 = Debug|Any CPU
		{CE4E533F-C8AB-4D36-95E9-8D8CDD52A789}.Release|Any CPU.ActiveCfg = Release|Any CPU
		{CE4E533F-C8AB-4D36-95E9-8D8CDD52A789}.Release|Any CPU.Build.0 = Release|Any CPU
		{E8BD9487-BDC0-4A97-B89E-ADA5D946979E}.Debug|Any CPU.ActiveCfg = Debug|Any CPU
		{E8BD9487-BDC0-4A97-B89E-ADA5D946979E}.Debug|Any CPU.Build.0 = Debug|Any CPU
		{E8BD9487-BDC0-4A97-B89E-ADA5D946979E}.Release|Any CPU.ActiveCfg = Release|Any CPU
		{E8BD9487-BDC0-4A97-B89E-ADA5D946979E}.Release|Any CPU.Build.0 = Release|Any CPU
	EndGlobalSection
	GlobalSection(SolutionProperties) = preSolution
		HideSolutionNode = FALSE
	EndGlobalSection
	GlobalSection(NestedProjects) = preSolution
		{1E797CBD-E5A1-4167-8C16-3FCC946528AD} = {98F254C6-83A2-44D9-AC33-49F098A41874}
		{7E93B67E-61B1-4920-834F-DCCD65CF59B0} = {DE6BB465-2202-4036-8823-D94338755A30}
		{6C64021C-83C2-4F3F-AE1B-0EA8ED77EB7A} = {242BE7BD-96CD-4281-B1BC-2774472F3577}
		{F95C40F5-A9B4-4ECA-A492-9FA3B148B65E} = {DE6BB465-2202-4036-8823-D94338755A30}
		{973F548C-4FC0-4813-BCF3-16DF4DFA52FF} = {DE6BB465-2202-4036-8823-D94338755A30}
		{7BC0FE4E-3DD6-4C8B-8EBE-A7EBC681493C} = {DE6BB465-2202-4036-8823-D94338755A30}
		{0DA769A3-376C-4381-B662-51BE2950C5E9} = {DE6BB465-2202-4036-8823-D94338755A30}
		{04929BE1-DF69-4E8C-8E09-170A353AC623} = {9A0E7752-E166-4B2F-8DCC-04D07750239A}
		{2D1A0207-9680-40D6-B6BE-96893617F1D3} = {242BE7BD-96CD-4281-B1BC-2774472F3577}
		{62074A2F-156E-4B49-A1E5-4E16E898AC3D} = {242BE7BD-96CD-4281-B1BC-2774472F3577}
		{CE4E533F-C8AB-4D36-95E9-8D8CDD52A789} = {242BE7BD-96CD-4281-B1BC-2774472F3577}
		{E8BD9487-BDC0-4A97-B89E-ADA5D946979E} = {242BE7BD-96CD-4281-B1BC-2774472F3577}
	EndGlobalSection
EndGlobal
